<?xml version="1.0" encoding="utf-8"?>
<Project ToolsVersion="4.0" xmlns="http://schemas.microsoft.com/developer/msbuild/2003">
  <ItemGroup>
    <Filter Include="Display">
      <UniqueIdentifier>{abf8b60a-eca1-4dd5-b7f7-922244032f01}</UniqueIdentifier>
    </Filter>
    <Filter Include="Assets">
      <UniqueIdentifier>{cca49638-a4ad-4e89-9078-3f8c85a06fec}</UniqueIdentifier>
    </Filter>
    <Filter Include="Assets\Shaders">
      <UniqueIdentifier>{631ecf09-604e-4ddf-b25e-edbcbaec9a71}</UniqueIdentifier>
    </Filter>
    <Filter Include="Assets\Shaders\RayTracing">
      <UniqueIdentifier>{0d1a2892-3d98-44bd-a29a-27bee037c426}</UniqueIdentifier>
    </Filter>
    <Filter Include="Assets\Shaders\Rasterization">
      <UniqueIdentifier>{ce8a716a-95eb-454a-b225-4aed81ac5ba3}</UniqueIdentifier>
    </Filter>
  </ItemGroup>
  <ItemGroup>
    <ClCompile Include="DXSample.cpp" />
    <ClCompile Include="Main.cpp" />
    <ClCompile Include="stdafx.cpp" />
    <ClCompile Include="Win32Application.cpp" />
    <ClCompile Include="D3DRTWindow.cpp" />
    <ClCompile Include="RenderTime.cpp" />
    <ClCompile Include="DXRHelpers\nv_helpers_dx12\BottomLevelASGenerator.cpp" />
    <ClCompile Include="DXRHelpers\nv_helpers_dx12\RaytracingPipelineGenerator.cpp" />
    <ClCompile Include="DXRHelpers\nv_helpers_dx12\RootSignatureGenerator.cpp" />
    <ClCompile Include="DXRHelpers\nv_helpers_dx12\ShaderBindingTableGenerator.cpp" />
    <ClCompile Include="DXRHelpers\nv_helpers_dx12\TopLevelASGenerator.cpp" />
    <ClCompile Include="manipulator.cpp" />
  </ItemGroup>
  <ItemGroup>
    <ClInclude Include="d3dx12.h" />
    <ClInclude Include="DXSample.h" />
    <ClInclude Include="DXSampleHelper.h" />
    <ClInclude Include="stdafx.h" />
    <ClInclude Include="Win32Application.h" />
    <ClInclude Include="D3DRTWindow.h" />
    <ClInclude Include="RenderTime.h" />
    <ClInclude Include="UploadBufferResource.h" />
    <ClInclude Include="D3DUtil.h" />
    <ClInclude Include="DXRHelpers\DXRHelper.h" />
    <ClInclude Include="DXRHelpers\nv_helpers_dx12\BottomLevelASGenerator.h" />
    <ClInclude Include="DXRHelpers\nv_helpers_dx12\RaytracingPipelineGenerator.h" />
    <ClInclude Include="DXRHelpers\nv_helpers_dx12\RootSignatureGenerator.h" />
    <ClInclude Include="DXRHelpers\nv_helpers_dx12\ShaderBindingTableGenerator.h" />
    <ClInclude Include="DXRHelpers\nv_helpers_dx12\TopLevelASGenerator.h" />
    <ClInclude Include="manipulator.h" />
  </ItemGroup>
  <ItemGroup>
    <CustomBuild Include="Shaders\RastShaders.hlsl">
      <Filter>Assets\Shaders\Rasterization</Filter>
    </CustomBuild>
    <CustomBuild Include="Shaders\Common.hlsl">
      <Filter>Assets\Shaders\RayTracing</Filter>
    </CustomBuild>
    <CustomBuild Include="Shaders\Hit.hlsl">
      <Filter>Assets\Shaders\RayTracing</Filter>
    </CustomBuild>
    <CustomBuild Include="Shaders\Miss.hlsl">
      <Filter>Assets\Shaders\RayTracing</Filter>
    </CustomBuild>
    <CustomBuild Include="Shaders\RayGen.hlsl">
      <Filter>Assets\Shaders\RayTracing</Filter>
    </CustomBuild>
  </ItemGroup>
  <ItemGroup>
    <None Include="dxil.dll" />
  </ItemGroup>
  <ItemGroup>
    <CopyFileToFolders Include="dxcompiler.dll" />
  </ItemGroup>
</Project>