<?xml version="1.0" encoding="utf-8"?>
<Project ToolsVersion="4.0" xmlns="http://schemas.microsoft.com/developer/msbuild/2003">
  <ItemGroup>
    <Filter Include="Assets">
      <UniqueIdentifier>{cca49638-a4ad-4e89-9078-3f8c85a06fec}</UniqueIdentifier>
    </Filter>
    <Filter Include="Assets\Shaders">
      <UniqueIdentifier>{631ecf09-604e-4ddf-b25e-edbcbaec9a71}</UniqueIdentifier>
    </Filter>
    <Filter Include="DXRHelpers">
      <UniqueIdentifier>{ed386a65-bc4a-4528-aa4c-1a0b6edf4f93}</UniqueIdentifier>
    </Filter>
    <Filter Include="DXRHelpers\nv_helpers_dx12">
      <UniqueIdentifier>{4eb55629-29ca-4816-9697-55ff872f0d92}</UniqueIdentifier>
    </Filter>
    <Filter Include="stb">
      <UniqueIdentifier>{4a33076d-2776-44ed-9773-04795b8d1a9e}</UniqueIdentifier>
    </Filter>
    <Filter Include="External">
      <UniqueIdentifier>{ebd654c9-1488-44e5-bf6e-aab0df9f3e0e}</UniqueIdentifier>
    </Filter>
  </ItemGroup>
  <ItemGroup>
    <ClCompile Include="Source\DXSample.cpp" />
    <ClCompile Include="Source\Main.cpp" />
    <ClCompile Include="Source\Win32Application.cpp" />
    <ClCompile Include="Source\D3DRTWindow.cpp" />
    <ClCompile Include="Source\RenderTime.cpp" />
    <ClCompile Include="Source\DXRHelpers\nv_helpers_dx12\BottomLevelASGenerator.cpp">
      <Filter>DXRHelpers\nv_helpers_dx12</Filter>
    </ClCompile>
    <ClCompile Include="Source\DXRHelpers\nv_helpers_dx12\RaytracingPipelineGenerator.cpp">
      <Filter>DXRHelpers\nv_helpers_dx12</Filter>
    </ClCompile>
    <ClCompile Include="Source\DXRHelpers\nv_helpers_dx12\RootSignatureGenerator.cpp">
      <Filter>DXRHelpers\nv_helpers_dx12</Filter>
    </ClCompile>
    <ClCompile Include="Source\DXRHelpers\nv_helpers_dx12\ShaderBindingTableGenerator.cpp">
      <Filter>DXRHelpers\nv_helpers_dx12</Filter>
    </ClCompile>
    <ClCompile Include="Source\DXRHelpers\nv_helpers_dx12\TopLevelASGenerator.cpp">
      <Filter>DXRHelpers\nv_helpers_dx12</Filter>
    </ClCompile>
    <ClCompile Include="Source\DXRHelpers\nv_helpers_dx12\manipulator.cpp">
      <Filter>DXRHelpers\nv_helpers_dx12</Filter>
    </ClCompile>
    <ClCompile Include="Source\PipelineState.cpp" />
    <ClCompile Include="Source\RootSignature.cpp" />
    <ClCompile Include="Source\GraphicsCore.cpp" />
    <ClCompile Include="Source\ModelLoader.cpp" />
    <ClCompile Include="Source\Meshes\Mesh.cpp" />
    <ClCompile Include="Source\ImGuiSample.cpp" />
    <ClCompile Include="Source\Materials\Material.cpp" />
    <ClCompile Include="Source\Meshes\MeshResource.cpp" />
    <ClCompile Include="Source\Render\Renderer.cpp" />
  </ItemGroup>
  <ItemGroup>
    <ClInclude Include="Source\DXAPI\d3dx12.h" />
    <ClInclude Include="Source\DXSample.h" />
    <ClInclude Include="Source\DXSampleHelper.h" />
    <ClInclude Include="Source\DXAPI\stdafx.h" />
    <ClInclude Include="Source\Win32Application.h" />
    <ClInclude Include="Source\D3DRTWindow.h" />
    <ClInclude Include="Source\RenderTime.h" />
    <ClInclude Include="Source\UploadBufferResource.h" />
    <ClInclude Include="Source\Util\D3DUtil.h" />
    <ClInclude Include="Source\DXAPI\dxcapi.h" />
    <ClInclude Include="Source\DXAPI\dxcapi.use.h" />
    <ClInclude Include="Source\DXRHelpers\DXRHelper.h">
      <Filter>DXRHelpers</Filter>
    </ClInclude>
    <ClInclude Include="Source\DXRHelpers\nv_helpers_dx12\BottomLevelASGenerator.h">
      <Filter>DXRHelpers\nv_helpers_dx12</Filter>
    </ClInclude>
    <ClInclude Include="Source\DXRHelpers\nv_helpers_dx12\RaytracingPipelineGenerator.h">
      <Filter>DXRHelpers\nv_helpers_dx12</Filter>
    </ClInclude>
    <ClInclude Include="Source\DXRHelpers\nv_helpers_dx12\RootSignatureGenerator.h">
      <Filter>DXRHelpers\nv_helpers_dx12</Filter>
    </ClInclude>
    <ClInclude Include="Source\DXRHelpers\nv_helpers_dx12\ShaderBindingTableGenerator.h">
      <Filter>DXRHelpers\nv_helpers_dx12</Filter>
    </ClInclude>
    <ClInclude Include="Source\DXRHelpers\nv_helpers_dx12\TopLevelASGenerator.h">
      <Filter>DXRHelpers\nv_helpers_dx12</Filter>
    </ClInclude>
    <ClInclude Include="Source\DXRHelpers\nv_helpers_dx12\manipulator.h">
      <Filter>DXRHelpers\nv_helpers_dx12</Filter>
    </ClInclude>
    <ClInclude Include="Source\PipelineState.h" />
    <ClInclude Include="Source\RootSignature.h" />
    <ClInclude Include="Source\Util\Utility.h" />
    <ClInclude Include="Source\Hash.h" />
    <ClInclude Include="Source\Math\Common.h" />
    <ClInclude Include="Source\GraphicsCore.h" />
    <ClInclude Include="Source\stb\stb_image.h">
      <Filter>stb</Filter>
    </ClInclude>
    <ClInclude Include="Source\stb\stb_image_resize.h">
      <Filter>stb</Filter>
    </ClInclude>
    <ClInclude Include="Source\stb\stb_image_write.h">
      <Filter>stb</Filter>
    </ClInclude>
    <ClInclude Include="Source\ModelLoader.h" />
    <ClInclude Include="Source\Meshes\Mesh.h" />
    <ClInclude Include="Source\ImGuiSample.h" />
    <ClInclude Include="Source\Materials\Material.h" />
    <ClInclude Include="Source\Meshes\MeshResource.h" />
    <ClInclude Include="Source\Render\Renderer.h" />
  </ItemGroup>
  <ItemGroup>
    <CopyFileToFolders Include="External\dxcompiler.dll">
      <Filter>External</Filter>
    </CopyFileToFolders>
    <CopyFileToFolders Include="External\dxil.dll">
      <Filter>External</Filter>
    </CopyFileToFolders>
    <CopyFileToFolders Include="External\assimp-vc143-mtd.dll">
      <Filter>External</Filter>
    </CopyFileToFolders>
    <CopyFileToFolders Include="External\minizip.dll">
      <Filter>External</Filter>
    </CopyFileToFolders>
    <CopyFileToFolders Include="External\pugixml.dll">
      <Filter>External</Filter>
    </CopyFileToFolders>
    <CopyFileToFolders Include="External\zlibd1.dll">
      <Filter>External</Filter>
    </CopyFileToFolders>
  </ItemGroup>
  <ItemGroup>
    <FxCompile Include="Shaders\Rasteration\Base.hlsl" />
    <FxCompile Include="Shaders\Rasteration\BlinnPhong.hlsl" />
    <FxCompile Include="Shaders\Rasteration\DisneyPrinciple.hlsl" />
    <FxCompile Include="Shaders\Raytracing\Common.hlsl">
      <Filter>Assets\Shaders</Filter>
    </FxCompile>
    <FxCompile Include="Shaders\Raytracing\Hit.hlsl">
      <Filter>Assets\Shaders</Filter>
    </FxCompile>
    <FxCompile Include="Shaders\Raytracing\Miss.hlsl">
      <Filter>Assets\Shaders</Filter>
    </FxCompile>
    <FxCompile Include="Shaders\Raytracing\Procedual.hlsl" />
    <FxCompile Include="Shaders\Raytracing\RayGen.hlsl">
      <Filter>Assets\Shaders</Filter>
    </FxCompile>
    <FxCompile Include="Shaders\Raytracing\ShadowRay.hlsl" />
    <FxCompile Include="Shaders\Utils\Sampling.hlsl" />
  </ItemGroup>
</Project>