
Microsoft Visual Studio Solution File, Format Version 12.00
# Visual Studio Version 17
VisualStudioVersion = 17.7.34024.191
MinimumVisualStudioVersion = 10.0.40219.1
Project("{8BC9CEB8-8B4A-11D0-8D11-00A0C91BC942}") = "D3DRT", "D3DRT.vcxproj", "{F2E110B9-82F2-44A0-B161-D605D9F5C907}"
EndProject
Project("{8BC9CEB8-8B4A-11D0-8D11-00A0C91BC942}") = "imgui_directx12", "imgui_directx12.vcxproj", "{F32B042D-57A7-4D97-B5A7-1CF8C501B609}"
EndProject
Global
	GlobalSection(SolutionConfigurationPlatforms) = preSolution
		Debug|x64 = Debug|x64
		Debug|x86 = Debug|x86
		Release|x64 = Release|x64
		Release|x86 = Release|x86
	EndGlobalSection
	GlobalSection(ProjectConfigurationPlatforms) = postSolution
		{F2E110B9-82F2-44A0-B161-D605D9F5C907}.Debug|x64.ActiveCfg = Debug|x64
		{F2E110B9-82F2-44A0-B161-D605D9F5C907}.Debug|x64.Build.0 = Debug|x64
		{F2E110B9-82F2-44A0-B161-D605D9F5C907}.Debug|x86.ActiveCfg = Debug|Win32
		{F2E110B9-82F2-44A0-B161-D605D9F5C907}.Debug|x86.Build.0 = Debug|Win32
		{F2E110B9-82F2-44A0-B161-D605D9F5C907}.Release|x64.ActiveCfg = Release|x64
		{F2E110B9-82F2-44A0-B161-D605D9F5C907}.Release|x64.Build.0 = Release|x64
		{F2E110B9-82F2-44A0-B161-D605D9F5C907}.Release|x86.ActiveCfg = Release|Win32
		{F2E110B9-82F2-44A0-B161-D605D9F5C907}.Release|x86.Build.0 = Release|Win32
		{F32B042D-57A7-4D97-B5A7-1CF8C501B609}.Debug|x64.ActiveCfg = Debug|x64
		{F32B042D-57A7-4D97-B5A7-1CF8C501B609}.Debug|x64.Build.0 = Debug|x64
		{F32B042D-57A7-4D97-B5A7-1CF8C501B609}.Debug|x86.ActiveCfg = Debug|Win32
		{F32B042D-57A7-4D97-B5A7-1CF8C501B609}.Debug|x86.Build.0 = Debug|Win32
		{F32B042D-57A7-4D97-B5A7-1CF8C501B609}.Release|x64.ActiveCfg = Release|x64
		{F32B042D-57A7-4D97-B5A7-1CF8C501B609}.Release|x64.Build.0 = Release|x64
		{F32B042D-57A7-4D97-B5A7-1CF8C501B609}.Release|x86.ActiveCfg = Release|Win32
		{F32B042D-57A7-4D97-B5A7-1CF8C501B609}.Release|x86.Build.0 = Release|Win32
	EndGlobalSection
	GlobalSection(SolutionProperties) = preSolution
		HideSolutionNode = FALSE
	EndGlobalSection
	GlobalSection(ExtensibilityGlobals) = postSolution
		SolutionGuid = {88F8FD14-8F4A-430B-9257-23A09E6FFACB}
	EndGlobalSection
EndGlobal
